
Microsoft Visual Studio Solution File, Format Version 12.00
# Visual Studio 14
VisualStudioVersion = 14.0.24720.0
MinimumVisualStudioVersion = 10.0.40219.1
Project("{FAE04EC0-301F-11D3-BF4B-00C04F79EFBC}") = "OAuthStarter", "OAuthStarter\OAuthStarter.csproj", "{32DDF54C-CA8E-4F09-86B1-925DE4BAF91F}"
EndProject
Global
	GlobalSection(SolutionConfigurationPlatforms) = preSolution
		Debug|Any CPU = Debug|Any CPU
		Release|Any CPU = Release|Any CPU
	EndGlobalSection
	GlobalSection(ProjectConfigurationPlatforms) = postSolution
		{32DDF54C-CA8E-4F09-86B1-925DE4BAF91F}.Debug|Any CPU.ActiveCfg = Debug|Any CPU
		{32DDF54C-CA8E-4F09-86B1-925DE4BAF91F}.Debug|Any CPU.Build.0 = Debug|Any CPU
		{32DDF54C-CA8E-4F09-86B1-925DE4BAF91F}.Release|Any CPU.ActiveCfg = Release|Any CPU
		{32DDF54C-CA8E-4F09-86B1-925DE4BAF91F}.Release|Any CPU.Build.0 = Release|Any CPU
	EndGlobalSection
	GlobalSection(SolutionProperties) = preSolution
		HideSolutionNode = FALSE
	EndGlobalSection
EndGlobal
